
Microsoft Visual Studio Solution File, Format Version 12.00
# Visual Studio 15
VisualStudioVersion = 15.0.27703.2026
MinimumVisualStudioVersion = 10.0.40219.1
Project("{FAE04EC0-301F-11D3-BF4B-00C04F79EFBC}") = "codewars", "codewars\codewars.csproj", "{D6EA75A4-8D9C-4731-BA3C-CABA2B2A147A}"
EndProject
Global
	GlobalSection(SolutionConfigurationPlatforms) = preSolution
		Debug|Any CPU = Debug|Any CPU
		Release|Any CPU = Release|Any CPU
	EndGlobalSection
	GlobalSection(ProjectConfigurationPlatforms) = postSolution
		{D6EA75A4-8D9C-4731-BA3C-CABA2B2A147A}.Debug|Any CPU.ActiveCfg = Debug|Any CPU
		{D6EA75A4-8D9C-4731-BA3C-CABA2B2A147A}.Debug|Any CPU.Build.0 = Debug|Any CPU
		{D6EA75A4-8D9C-4731-BA3C-CABA2B2A147A}.Release|Any CPU.ActiveCfg = Release|Any CPU
		{D6EA75A4-8D9C-4731-BA3C-CABA2B2A147A}.Release|Any CPU.Build.0 = Release|Any CPU
	EndGlobalSection
	GlobalSection(SolutionProperties) = preSolution
		HideSolutionNode = FALSE
	EndGlobalSection
	GlobalSection(ExtensibilityGlobals) = postSolution
		SolutionGuid = {A7EA8DED-6653-4199-AB7B-26C7AB1D60E6}
	EndGlobalSection
EndGlobal
